
Microsoft Visual Studio Solution File, Format Version 12.00
# Visual Studio Version 17
VisualStudioVersion = 17.4.33213.308
MinimumVisualStudioVersion = 10.0.40219.1
Project("{FAE04EC0-301F-11D3-BF4B-00C04F79EFBC}") = "AddingDateTimePicker", "AddingDateTimePicker.csproj", "{F2788290-3962-447E-A9A4-E560CF7E0247}"
EndProject
Global
	GlobalSection(SolutionConfigurationPlatforms) = preSolution
		Debug|Any CPU = Debug|Any CPU
		Release|Any CPU = Release|Any CPU
	EndGlobalSection
	GlobalSection(ProjectConfigurationPlatforms) = postSolution
		{F2788290-3962-447E-A9A4-E560CF7E0247}.Debug|Any CPU.ActiveCfg = Debug|Any CPU
		{F2788290-3962-447E-A9A4-E560CF7E0247}.Debug|Any CPU.Build.0 = Debug|Any CPU
		{F2788290-3962-447E-A9A4-E560CF7E0247}.Release|Any CPU.ActiveCfg = Release|Any CPU
		{F2788290-3962-447E-A9A4-E560CF7E0247}.Release|Any CPU.Build.0 = Release|Any CPU
	EndGlobalSection
	GlobalSection(SolutionProperties) = preSolution
		HideSolutionNode = FALSE
	EndGlobalSection
	GlobalSection(ExtensibilityGlobals) = postSolution
		SolutionGuid = {F8CD85C8-F896-4D0C-8346-1387044DC956}
	EndGlobalSection
EndGlobal
